// !$*UTF8*$!
{
	archiveVersion = 1;
	classes = {
	};
	objectVersion = 51;
	objects = {

/* Begin PBXBuildFile section */
		A0E0ED022606180800AB2066 /* AppDelegate.swift in Sources */ = {isa = PBXBuildFile; fileRef = A0E0ED012606180800AB2066 /* AppDelegate.swift */; };
		A0E0ED062606180800AB2066 /* ViewController.swift in Sources */ = {isa = PBXBuildFile; fileRef = A0E0ED052606180800AB2066 /* ViewController.swift */; };
		A0E0ED0B2606180A00AB2066 /* Assets.xcassets in Resources */ = {isa = PBXBuildFile; fileRef = A0E0ED0A2606180A00AB2066 /* Assets.xcassets */; };
		A0E0ED0E2606180A00AB2066 /* LaunchScreen.storyboard in Resources */ = {isa = PBXBuildFile; fileRef = A0E0ED0C2606180A00AB2066 /* LaunchScreen.storyboard */; };
		A0E0ED5826061DA100AB2066 /* UIImageView+Extension.swift in Sources */ = {isa = PBXBuildFile; fileRef = A0E0ED2326061DA100AB2066 /* UIImageView+Extension.swift */; };
		A0E0ED5A26061DA100AB2066 /* UIColor+Extension.swift in Sources */ = {isa = PBXBuildFile; fileRef = A0E0ED2526061DA100AB2066 /* UIColor+Extension.swift */; };
		A0E0ED5E26061DA100AB2066 /* UIView+Extension.swift in Sources */ = {isa = PBXBuildFile; fileRef = A0E0ED2926061DA100AB2066 /* UIView+Extension.swift */; };
		A0E0ED6026061DA100AB2066 /* UIViewController+Extension.swift in Sources */ = {isa = PBXBuildFile; fileRef = A0E0ED2B26061DA100AB2066 /* UIViewController+Extension.swift */; };
		A0E0ED6126061DA100AB2066 /* UITextField+Extension.swift in Sources */ = {isa = PBXBuildFile; fileRef = A0E0ED2C26061DA100AB2066 /* UITextField+Extension.swift */; };
		A0E0ED6326061DA100AB2066 /* Constant.swift in Sources */ = {isa = PBXBuildFile; fileRef = A0E0ED2F26061DA100AB2066 /* Constant.swift */; };
		A0E0ED6626061DA100AB2066 /* Language.swift in Sources */ = {isa = PBXBuildFile; fileRef = A0E0ED3226061DA100AB2066 /* Language.swift */; };
		A0E0ED6F26061DA100AB2066 /* ActivityIndicator.swift in Sources */ = {isa = PBXBuildFile; fileRef = A0E0ED3F26061DA100AB2066 /* ActivityIndicator.swift */; };
		A0E0ED7E26061DA100AB2066 /* CustomView.swift in Sources */ = {isa = PBXBuildFile; fileRef = A0E0ED5126061DA100AB2066 /* CustomView.swift */; };
		A0E0ED7F26061DA100AB2066 /* CustomButton.swift in Sources */ = {isa = PBXBuildFile; fileRef = A0E0ED5226061DA100AB2066 /* CustomButton.swift */; };
		A0E0ED8026061DA100AB2066 /* ShadowViewimg.swift in Sources */ = {isa = PBXBuildFile; fileRef = A0E0ED5326061DA100AB2066 /* ShadowViewimg.swift */; };
		A0E0ED8126061DA100AB2066 /* CustomTextField.swift in Sources */ = {isa = PBXBuildFile; fileRef = A0E0ED5426061DA100AB2066 /* CustomTextField.swift */; };
		A0E0ED8226061DA100AB2066 /* CustomTextView.swift in Sources */ = {isa = PBXBuildFile; fileRef = A0E0ED5526061DA100AB2066 /* CustomTextView.swift */; };
		A0E0ED8326061DA100AB2066 /* CustomLabel.swift in Sources */ = {isa = PBXBuildFile; fileRef = A0E0ED5626061DA100AB2066 /* CustomLabel.swift */; };
		A0E0EDAF260621E100AB2066 /* HomeViewController.swift in Sources */ = {isa = PBXBuildFile; fileRef = A0E0EDAD260621E100AB2066 /* HomeViewController.swift */; };
		A0E0EDB0260621E100AB2066 /* HomeViewController.xib in Resources */ = {isa = PBXBuildFile; fileRef = A0E0EDAE260621E100AB2066 /* HomeViewController.xib */; };
		A0E0EDBE26062CC100AB2066 /* HorizontalCollectionCell.swift in Sources */ = {isa = PBXBuildFile; fileRef = A0E0EDBC26062CC100AB2066 /* HorizontalCollectionCell.swift */; };
		A0E0EDBF26062CC100AB2066 /* HorizontalCollectionCell.xib in Resources */ = {isa = PBXBuildFile; fileRef = A0E0EDBD26062CC100AB2066 /* HorizontalCollectionCell.xib */; };
		C8120D057ED7E856188A9FED /* Pods_BellmanTask.framework in Frameworks */ = {isa = PBXBuildFile; fileRef = ECDFDE784F11F87A275A9E2D /* Pods_BellmanTask.framework */; };
/* End PBXBuildFile section */

/* Begin PBXFileReference section */
		296BB479699C9413E21C2E95 /* Pods-BellmanTask.debug.xcconfig */ = {isa = PBXFileReference; includeInIndex = 1; lastKnownFileType = text.xcconfig; name = "Pods-BellmanTask.debug.xcconfig"; path = "Target Support Files/Pods-BellmanTask/Pods-BellmanTask.debug.xcconfig"; sourceTree = "<group>"; };
		48D25A8A650F6929BE9218BA /* Pods-BellmanTask.release.xcconfig */ = {isa = PBXFileReference; includeInIndex = 1; lastKnownFileType = text.xcconfig; name = "Pods-BellmanTask.release.xcconfig"; path = "Target Support Files/Pods-BellmanTask/Pods-BellmanTask.release.xcconfig"; sourceTree = "<group>"; };
		A0E0ECFE2606180800AB2066 /* BellmanTask.app */ = {isa = PBXFileReference; explicitFileType = wrapper.application; includeInIndex = 0; path = BellmanTask.app; sourceTree = BUILT_PRODUCTS_DIR; };
		A0E0ED012606180800AB2066 /* AppDelegate.swift */ = {isa = PBXFileReference; lastKnownFileType = sourcecode.swift; path = AppDelegate.swift; sourceTree = "<group>"; };
		A0E0ED052606180800AB2066 /* ViewController.swift */ = {isa = PBXFileReference; lastKnownFileType = sourcecode.swift; path = ViewController.swift; sourceTree = "<group>"; };
		A0E0ED0A2606180A00AB2066 /* Assets.xcassets */ = {isa = PBXFileReference; lastKnownFileType = folder.assetcatalog; path = Assets.xcassets; sourceTree = "<group>"; };
		A0E0ED0D2606180A00AB2066 /* Base */ = {isa = PBXFileReference; lastKnownFileType = file.storyboard; name = Base; path = Base.lproj/LaunchScreen.storyboard; sourceTree = "<group>"; };
		A0E0ED0F2606180A00AB2066 /* Info.plist */ = {isa = PBXFileReference; lastKnownFileType = text.plist.xml; path = Info.plist; sourceTree = "<group>"; };
		A0E0ED2326061DA100AB2066 /* UIImageView+Extension.swift */ = {isa = PBXFileReference; fileEncoding = 4; lastKnownFileType = sourcecode.swift; path = "UIImageView+Extension.swift"; sourceTree = "<group>"; };
		A0E0ED2526061DA100AB2066 /* UIColor+Extension.swift */ = {isa = PBXFileReference; fileEncoding = 4; lastKnownFileType = sourcecode.swift; path = "UIColor+Extension.swift"; sourceTree = "<group>"; };
		A0E0ED2926061DA100AB2066 /* UIView+Extension.swift */ = {isa = PBXFileReference; fileEncoding = 4; lastKnownFileType = sourcecode.swift; path = "UIView+Extension.swift"; sourceTree = "<group>"; };
		A0E0ED2B26061DA100AB2066 /* UIViewController+Extension.swift */ = {isa = PBXFileReference; fileEncoding = 4; lastKnownFileType = sourcecode.swift; path = "UIViewController+Extension.swift"; sourceTree = "<group>"; };
		A0E0ED2C26061DA100AB2066 /* UITextField+Extension.swift */ = {isa = PBXFileReference; fileEncoding = 4; lastKnownFileType = sourcecode.swift; path = "UITextField+Extension.swift"; sourceTree = "<group>"; };
		A0E0ED2F26061DA100AB2066 /* Constant.swift */ = {isa = PBXFileReference; fileEncoding = 4; lastKnownFileType = sourcecode.swift; path = Constant.swift; sourceTree = "<group>"; };
		A0E0ED3226061DA100AB2066 /* Language.swift */ = {isa = PBXFileReference; fileEncoding = 4; lastKnownFileType = sourcecode.swift; path = Language.swift; sourceTree = "<group>"; };
		A0E0ED3F26061DA100AB2066 /* ActivityIndicator.swift */ = {isa = PBXFileReference; fileEncoding = 4; lastKnownFileType = sourcecode.swift; path = ActivityIndicator.swift; sourceTree = "<group>"; };
		A0E0ED5126061DA100AB2066 /* CustomView.swift */ = {isa = PBXFileReference; fileEncoding = 4; lastKnownFileType = sourcecode.swift; path = CustomView.swift; sourceTree = "<group>"; };
		A0E0ED5226061DA100AB2066 /* CustomButton.swift */ = {isa = PBXFileReference; fileEncoding = 4; lastKnownFileType = sourcecode.swift; path = CustomButton.swift; sourceTree = "<group>"; };
		A0E0ED5326061DA100AB2066 /* ShadowViewimg.swift */ = {isa = PBXFileReference; fileEncoding = 4; lastKnownFileType = sourcecode.swift; path = ShadowViewimg.swift; sourceTree = "<group>"; };
		A0E0ED5426061DA100AB2066 /* CustomTextField.swift */ = {isa = PBXFileReference; fileEncoding = 4; lastKnownFileType = sourcecode.swift; path = CustomTextField.swift; sourceTree = "<group>"; };
		A0E0ED5526061DA100AB2066 /* CustomTextView.swift */ = {isa = PBXFileReference; fileEncoding = 4; lastKnownFileType = sourcecode.swift; path = CustomTextView.swift; sourceTree = "<group>"; };
		A0E0ED5626061DA100AB2066 /* CustomLabel.swift */ = {isa = PBXFileReference; fileEncoding = 4; lastKnownFileType = sourcecode.swift; path = CustomLabel.swift; sourceTree = "<group>"; };
		A0E0EDAD260621E100AB2066 /* HomeViewController.swift */ = {isa = PBXFileReference; lastKnownFileType = sourcecode.swift; path = HomeViewController.swift; sourceTree = "<group>"; };
		A0E0EDAE260621E100AB2066 /* HomeViewController.xib */ = {isa = PBXFileReference; lastKnownFileType = file.xib; path = HomeViewController.xib; sourceTree = "<group>"; };
		A0E0EDBC26062CC100AB2066 /* HorizontalCollectionCell.swift */ = {isa = PBXFileReference; lastKnownFileType = sourcecode.swift; path = HorizontalCollectionCell.swift; sourceTree = "<group>"; };
		A0E0EDBD26062CC100AB2066 /* HorizontalCollectionCell.xib */ = {isa = PBXFileReference; lastKnownFileType = file.xib; path = HorizontalCollectionCell.xib; sourceTree = "<group>"; };
		ECDFDE784F11F87A275A9E2D /* Pods_BellmanTask.framework */ = {isa = PBXFileReference; explicitFileType = wrapper.framework; includeInIndex = 0; path = Pods_BellmanTask.framework; sourceTree = BUILT_PRODUCTS_DIR; };
/* End PBXFileReference section */

/* Begin PBXFrameworksBuildPhase section */
		A0E0ECFB2606180800AB2066 /* Frameworks */ = {
			isa = PBXFrameworksBuildPhase;
			buildActionMask = 2147483647;
			files = (
				C8120D057ED7E856188A9FED /* Pods_BellmanTask.framework in Frameworks */,
			);
			runOnlyForDeploymentPostprocessing = 0;
		};
/* End PBXFrameworksBuildPhase section */

/* Begin PBXGroup section */
		2481951644423E37A714C1A8 /* Pods */ = {
			isa = PBXGroup;
			children = (
				296BB479699C9413E21C2E95 /* Pods-BellmanTask.debug.xcconfig */,
				48D25A8A650F6929BE9218BA /* Pods-BellmanTask.release.xcconfig */,
			);
			path = Pods;
			sourceTree = "<group>";
		};
		3F5A9E126A050D5504162066 /* Frameworks */ = {
			isa = PBXGroup;
			children = (
				ECDFDE784F11F87A275A9E2D /* Pods_BellmanTask.framework */,
			);
			name = Frameworks;
			sourceTree = "<group>";
		};
		A0E0ECF52606180800AB2066 = {
			isa = PBXGroup;
			children = (
				A0E0ED002606180800AB2066 /* BellmanTask */,
				A0E0ECFF2606180800AB2066 /* Products */,
				2481951644423E37A714C1A8 /* Pods */,
				3F5A9E126A050D5504162066 /* Frameworks */,
			);
			sourceTree = "<group>";
		};
		A0E0ECFF2606180800AB2066 /* Products */ = {
			isa = PBXGroup;
			children = (
				A0E0ECFE2606180800AB2066 /* BellmanTask.app */,
			);
			name = Products;
			sourceTree = "<group>";
		};
		A0E0ED002606180800AB2066 /* BellmanTask */ = {
			isa = PBXGroup;
			children = (
				A0E0ED1F26061D1E00AB2066 /* UI */,
				A0E0ED2D26061DA100AB2066 /* Utilis */,
				A0E0ED2126061DA100AB2066 /* Extensions */,
				A0E0ED012606180800AB2066 /* AppDelegate.swift */,
				A0E0ED052606180800AB2066 /* ViewController.swift */,
				A0E0ED0A2606180A00AB2066 /* Assets.xcassets */,
				A0E0ED0C2606180A00AB2066 /* LaunchScreen.storyboard */,
				A0E0ED0F2606180A00AB2066 /* Info.plist */,
			);
			path = BellmanTask;
			sourceTree = "<group>";
		};
		A0E0ED1F26061D1E00AB2066 /* UI */ = {
			isa = PBXGroup;
			children = (
				A0E0EDAC260621CC00AB2066 /* Home */,
			);
			path = UI;
			sourceTree = "<group>";
		};
		A0E0ED2126061DA100AB2066 /* Extensions */ = {
			isa = PBXGroup;
			children = (
				A0E0ED2326061DA100AB2066 /* UIImageView+Extension.swift */,
				A0E0ED2526061DA100AB2066 /* UIColor+Extension.swift */,
				A0E0ED2926061DA100AB2066 /* UIView+Extension.swift */,
				A0E0ED2B26061DA100AB2066 /* UIViewController+Extension.swift */,
				A0E0ED2C26061DA100AB2066 /* UITextField+Extension.swift */,
			);
			path = Extensions;
			sourceTree = "<group>";
		};
		A0E0ED2D26061DA100AB2066 /* Utilis */ = {
			isa = PBXGroup;
			children = (
				A0E0ED2F26061DA100AB2066 /* Constant.swift */,
				A0E0ED3226061DA100AB2066 /* Language.swift */,
				A0E0ED3F26061DA100AB2066 /* ActivityIndicator.swift */,
				A0E0ED5026061DA100AB2066 /* CustomView */,
			);
			path = Utilis;
			sourceTree = "<group>";
		};
		A0E0ED5026061DA100AB2066 /* CustomView */ = {
			isa = PBXGroup;
			children = (
				A0E0ED5126061DA100AB2066 /* CustomView.swift */,
				A0E0ED5226061DA100AB2066 /* CustomButton.swift */,
				A0E0ED5326061DA100AB2066 /* ShadowViewimg.swift */,
				A0E0ED5426061DA100AB2066 /* CustomTextField.swift */,
				A0E0ED5526061DA100AB2066 /* CustomTextView.swift */,
				A0E0ED5626061DA100AB2066 /* CustomLabel.swift */,
			);
			path = CustomView;
			sourceTree = "<group>";
		};
		A0E0EDAC260621CC00AB2066 /* Home */ = {
			isa = PBXGroup;
			children = (
				A0E0EDB2260621EA00AB2066 /* Controller */,
				A0E0EDBA26062CA400AB2066 /* View */,
			);
			path = Home;
			sourceTree = "<group>";
		};
		A0E0EDB2260621EA00AB2066 /* Controller */ = {
			isa = PBXGroup;
			children = (
				A0E0EDAD260621E100AB2066 /* HomeViewController.swift */,
				A0E0EDAE260621E100AB2066 /* HomeViewController.xib */,
			);
			path = Controller;
			sourceTree = "<group>";
		};
		A0E0EDBA26062CA400AB2066 /* View */ = {
			isa = PBXGroup;
			children = (
				A0E0EDBC26062CC100AB2066 /* HorizontalCollectionCell.swift */,
				A0E0EDBD26062CC100AB2066 /* HorizontalCollectionCell.xib */,
			);
			path = View;
			sourceTree = "<group>";
		};
/* End PBXGroup section */

/* Begin PBXNativeTarget section */
		A0E0ECFD2606180800AB2066 /* BellmanTask */ = {
			isa = PBXNativeTarget;
			buildConfigurationList = A0E0ED122606180A00AB2066 /* Build configuration list for PBXNativeTarget "BellmanTask" */;
			buildPhases = (
				A6A50C0CF446BAC57006D143 /* [CP] Check Pods Manifest.lock */,
				A0E0ECFA2606180800AB2066 /* Sources */,
				A0E0ECFB2606180800AB2066 /* Frameworks */,
				A0E0ECFC2606180800AB2066 /* Resources */,
				653E88902E0440610C9CCF4A /* [CP] Embed Pods Frameworks */,
			);
			buildRules = (
			);
			dependencies = (
			);
			name = BellmanTask;
			productName = BellmanTask;
			productReference = A0E0ECFE2606180800AB2066 /* BellmanTask.app */;
			productType = "com.apple.product-type.application";
		};
/* End PBXNativeTarget section */

/* Begin PBXProject section */
		A0E0ECF62606180800AB2066 /* Project object */ = {
			isa = PBXProject;
			attributes = {
				LastSwiftUpdateCheck = 1240;
				LastUpgradeCheck = 1240;
				TargetAttributes = {
					A0E0ECFD2606180800AB2066 = {
						CreatedOnToolsVersion = 12.4;
					};
				};
			};
			buildConfigurationList = A0E0ECF92606180800AB2066 /* Build configuration list for PBXProject "BellmanTask" */;
			compatibilityVersion = "Xcode 9.3";
			developmentRegion = en;
			hasScannedForEncodings = 0;
			knownRegions = (
				en,
				Base,
			);
			mainGroup = A0E0ECF52606180800AB2066;
			productRefGroup = A0E0ECFF2606180800AB2066 /* Products */;
			projectDirPath = "";
			projectRoot = "";
			targets = (
				A0E0ECFD2606180800AB2066 /* BellmanTask */,
			);
		};
/* End PBXProject section */

/* Begin PBXResourcesBuildPhase section */
		A0E0ECFC2606180800AB2066 /* Resources */ = {
			isa = PBXResourcesBuildPhase;
			buildActionMask = 2147483647;
			files = (
				A0E0ED0E2606180A00AB2066 /* LaunchScreen.storyboard in Resources */,
				A0E0ED0B2606180A00AB2066 /* Assets.xcassets in Resources */,
				A0E0EDB0260621E100AB2066 /* HomeViewController.xib in Resources */,
				A0E0EDBF26062CC100AB2066 /* HorizontalCollectionCell.xib in Resources */,
			);
			runOnlyForDeploymentPostprocessing = 0;
		};
/* End PBXResourcesBuildPhase section */

/* Begin PBXShellScriptBuildPhase section */
		653E88902E0440610C9CCF4A /* [CP] Embed Pods Frameworks */ = {
			isa = PBXShellScriptBuildPhase;
			buildActionMask = 2147483647;
			files = (
			);
			inputFileListPaths = (
				"${PODS_ROOT}/Target Support Files/Pods-BellmanTask/Pods-BellmanTask-frameworks-${CONFIGURATION}-input-files.xcfilelist",
			);
			name = "[CP] Embed Pods Frameworks";
			outputFileListPaths = (
				"${PODS_ROOT}/Target Support Files/Pods-BellmanTask/Pods-BellmanTask-frameworks-${CONFIGURATION}-output-files.xcfilelist",
			);
			runOnlyForDeploymentPostprocessing = 0;
			shellPath = /bin/sh;
			shellScript = "\"${PODS_ROOT}/Target Support Files/Pods-BellmanTask/Pods-BellmanTask-frameworks.sh\"\n";
			showEnvVarsInLog = 0;
		};
		A6A50C0CF446BAC57006D143 /* [CP] Check Pods Manifest.lock */ = {
			isa = PBXShellScriptBuildPhase;
			buildActionMask = 2147483647;
			files = (
			);
			inputFileListPaths = (
			);
			inputPaths = (
				"${PODS_PODFILE_DIR_PATH}/Podfile.lock",
				"${PODS_ROOT}/Manifest.lock",
			);
			name = "[CP] Check Pods Manifest.lock";
			outputFileListPaths = (
			);
			outputPaths = (
				"$(DERIVED_FILE_DIR)/Pods-BellmanTask-checkManifestLockResult.txt",
			);
			runOnlyForDeploymentPostprocessing = 0;
			shellPath = /bin/sh;
			shellScript = "diff \"${PODS_PODFILE_DIR_PATH}/Podfile.lock\" \"${PODS_ROOT}/Manifest.lock\" > /dev/null\nif [ $? != 0 ] ; then\n    # print error to STDERR\n    echo \"error: The sandbox is not in sync with the Podfile.lock. Run 'pod install' or update your CocoaPods installation.\" >&2\n    exit 1\nfi\n# This output is used by Xcode 'outputs' to avoid re-running this script phase.\necho \"SUCCESS\" > \"${SCRIPT_OUTPUT_FILE_0}\"\n";
			showEnvVarsInLog = 0;
		};
/* End PBXShellScriptBuildPhase section */

/* Begin PBXSourcesBuildPhase section */
		A0E0ECFA2606180800AB2066 /* Sources */ = {
			isa = PBXSourcesBuildPhase;
			buildActionMask = 2147483647;
			files = (
				A0E0ED6026061DA100AB2066 /* UIViewController+Extension.swift in Sources */,
				A0E0ED8326061DA100AB2066 /* CustomLabel.swift in Sources */,
				A0E0ED6326061DA100AB2066 /* Constant.swift in Sources */,
				A0E0EDAF260621E100AB2066 /* HomeViewController.swift in Sources */,
				A0E0ED6626061DA100AB2066 /* Language.swift in Sources */,
				A0E0ED062606180800AB2066 /* ViewController.swift in Sources */,
				A0E0ED5826061DA100AB2066 /* UIImageView+Extension.swift in Sources */,
				A0E0ED8126061DA100AB2066 /* CustomTextField.swift in Sources */,
				A0E0ED7F26061DA100AB2066 /* CustomButton.swift in Sources */,
				A0E0ED5A26061DA100AB2066 /* UIColor+Extension.swift in Sources */,
				A0E0ED6F26061DA100AB2066 /* ActivityIndicator.swift in Sources */,
				A0E0ED022606180800AB2066 /* AppDelegate.swift in Sources */,
				A0E0ED7E26061DA100AB2066 /* CustomView.swift in Sources */,
				A0E0ED6126061DA100AB2066 /* UITextField+Extension.swift in Sources */,
				A0E0ED5E26061DA100AB2066 /* UIView+Extension.swift in Sources */,
				A0E0ED8226061DA100AB2066 /* CustomTextView.swift in Sources */,
				A0E0ED8026061DA100AB2066 /* ShadowViewimg.swift in Sources */,
				A0E0EDBE26062CC100AB2066 /* HorizontalCollectionCell.swift in Sources */,
			);
			runOnlyForDeploymentPostprocessing = 0;
		};
/* End PBXSourcesBuildPhase section */

/* Begin PBXVariantGroup section */
		A0E0ED0C2606180A00AB2066 /* LaunchScreen.storyboard */ = {
			isa = PBXVariantGroup;
			children = (
				A0E0ED0D2606180A00AB2066 /* Base */,
			);
			name = LaunchScreen.storyboard;
			sourceTree = "<group>";
		};
/* End PBXVariantGroup section */

/* Begin XCBuildConfiguration section */
		A0E0ED102606180A00AB2066 /* Debug */ = {
			isa = XCBuildConfiguration;
			buildSettings = {
				ALWAYS_SEARCH_USER_PATHS = NO;
				CLANG_ANALYZER_NONNULL = YES;
				CLANG_ANALYZER_NUMBER_OBJECT_CONVERSION = YES_AGGRESSIVE;
				CLANG_CXX_LANGUAGE_STANDARD = "gnu++14";
				CLANG_CXX_LIBRARY = "libc++";
				CLANG_ENABLE_MODULES = YES;
				CLANG_ENABLE_OBJC_ARC = YES;
				CLANG_ENABLE_OBJC_WEAK = YES;
				CLANG_WARN_BLOCK_CAPTURE_AUTORELEASING = YES;
				CLANG_WARN_BOOL_CONVERSION = YES;
				CLANG_WARN_COMMA = YES;
				CLANG_WARN_CONSTANT_CONVERSION = YES;
				CLANG_WARN_DEPRECATED_OBJC_IMPLEMENTATIONS = YES;
				CLANG_WARN_DIRECT_OBJC_ISA_USAGE = YES_ERROR;
				CLANG_WARN_DOCUMENTATION_COMMENTS = YES;
				CLANG_WARN_EMPTY_BODY = YES;
				CLANG_WARN_ENUM_CONVERSION = YES;
				CLANG_WARN_INFINITE_RECURSION = YES;
				CLANG_WARN_INT_CONVERSION = YES;
				CLANG_WARN_NON_LITERAL_NULL_CONVERSION = YES;
				CLANG_WARN_OBJC_IMPLICIT_RETAIN_SELF = YES;
				CLANG_WARN_OBJC_LITERAL_CONVERSION = YES;
				CLANG_WARN_OBJC_ROOT_CLASS = YES_ERROR;
				CLANG_WARN_QUOTED_INCLUDE_IN_FRAMEWORK_HEADER = YES;
				CLANG_WARN_RANGE_LOOP_ANALYSIS = YES;
				CLANG_WARN_STRICT_PROTOTYPES = YES;
				CLANG_WARN_SUSPICIOUS_MOVE = YES;
				CLANG_WARN_UNGUARDED_AVAILABILITY = YES_AGGRESSIVE;
				CLANG_WARN_UNREACHABLE_CODE = YES;
				CLANG_WARN__DUPLICATE_METHOD_MATCH = YES;
				COPY_PHASE_STRIP = NO;
				DEBUG_INFORMATION_FORMAT = dwarf;
				ENABLE_STRICT_OBJC_MSGSEND = YES;
				ENABLE_TESTABILITY = YES;
				GCC_C_LANGUAGE_STANDARD = gnu11;
				GCC_DYNAMIC_NO_PIC = NO;
				GCC_NO_COMMON_BLOCKS = YES;
				GCC_OPTIMIZATION_LEVEL = 0;
				GCC_PREPROCESSOR_DEFINITIONS = (
					"DEBUG=1",
					"$(inherited)",
				);
				GCC_WARN_64_TO_32_BIT_CONVERSION = YES;
				GCC_WARN_ABOUT_RETURN_TYPE = YES_ERROR;
				GCC_WARN_UNDECLARED_SELECTOR = YES;
				GCC_WARN_UNINITIALIZED_AUTOS = YES_AGGRESSIVE;
				GCC_WARN_UNUSED_FUNCTION = YES;
				GCC_WARN_UNUSED_VARIABLE = YES;
				IPHONEOS_DEPLOYMENT_TARGET = 12.1;
				MTL_ENABLE_DEBUG_INFO = INCLUDE_SOURCE;
				MTL_FAST_MATH = YES;
				ONLY_ACTIVE_ARCH = YES;
				SDKROOT = iphoneos;
				SWIFT_ACTIVE_COMPILATION_CONDITIONS = DEBUG;
				SWIFT_OPTIMIZATION_LEVEL = "-Onone";
			};
			name = Debug;
		};
		A0E0ED112606180A00AB2066 /* Release */ = {
			isa = XCBuildConfiguration;
			buildSettings = {
				ALWAYS_SEARCH_USER_PATHS = NO;
				CLANG_ANALYZER_NONNULL = YES;
				CLANG_ANALYZER_NUMBER_OBJECT_CONVERSION = YES_AGGRESSIVE;
				CLANG_CXX_LANGUAGE_STANDARD = "gnu++14";
				CLANG_CXX_LIBRARY = "libc++";
				CLANG_ENABLE_MODULES = YES;
				CLANG_ENABLE_OBJC_ARC = YES;
				CLANG_ENABLE_OBJC_WEAK = YES;
				CLANG_WARN_BLOCK_CAPTURE_AUTORELEASING = YES;
				CLANG_WARN_BOOL_CONVERSION = YES;
				CLANG_WARN_COMMA = YES;
				CLANG_WARN_CONSTANT_CONVERSION = YES;
				CLANG_WARN_DEPRECATED_OBJC_IMPLEMENTATIONS = YES;
				CLANG_WARN_DIRECT_OBJC_ISA_USAGE = YES_ERROR;
				CLANG_WARN_DOCUMENTATION_COMMENTS = YES;
				CLANG_WARN_EMPTY_BODY = YES;
				CLANG_WARN_ENUM_CONVERSION = YES;
				CLANG_WARN_INFINITE_RECURSION = YES;
				CLANG_WARN_INT_CONVERSION = YES;
				CLANG_WARN_NON_LITERAL_NULL_CONVERSION = YES;
				CLANG_WARN_OBJC_IMPLICIT_RETAIN_SELF = YES;
				CLANG_WARN_OBJC_LITERAL_CONVERSION = YES;
				CLANG_WARN_OBJC_ROOT_CLASS = YES_ERROR;
				CLANG_WARN_QUOTED_INCLUDE_IN_FRAMEWORK_HEADER = YES;
				CLANG_WARN_RANGE_LOOP_ANALYSIS = YES;
				CLANG_WARN_STRICT_PROTOTYPES = YES;
				CLANG_WARN_SUSPICIOUS_MOVE = YES;
				CLANG_WARN_UNGUARDED_AVAILABILITY = YES_AGGRESSIVE;
				CLANG_WARN_UNREACHABLE_CODE = YES;
				CLANG_WARN__DUPLICATE_METHOD_MATCH = YES;
				COPY_PHASE_STRIP = NO;
				DEBUG_INFORMATION_FORMAT = "dwarf-with-dsym";
				ENABLE_NS_ASSERTIONS = NO;
				ENABLE_STRICT_OBJC_MSGSEND = YES;
				GCC_C_LANGUAGE_STANDARD = gnu11;
				GCC_NO_COMMON_BLOCKS = YES;
				GCC_WARN_64_TO_32_BIT_CONVERSION = YES;
				GCC_WARN_ABOUT_RETURN_TYPE = YES_ERROR;
				GCC_WARN_UNDECLARED_SELECTOR = YES;
				GCC_WARN_UNINITIALIZED_AUTOS = YES_AGGRESSIVE;
				GCC_WARN_UNUSED_FUNCTION = YES;
				GCC_WARN_UNUSED_VARIABLE = YES;
				IPHONEOS_DEPLOYMENT_TARGET = 12.1;
				MTL_ENABLE_DEBUG_INFO = NO;
				MTL_FAST_MATH = YES;
				SDKROOT = iphoneos;
				SWIFT_COMPILATION_MODE = wholemodule;
				SWIFT_OPTIMIZATION_LEVEL = "-O";
				VALIDATE_PRODUCT = YES;
			};
			name = Release;
		};
		A0E0ED132606180A00AB2066 /* Debug */ = {
			isa = XCBuildConfiguration;
			baseConfigurationReference = 296BB479699C9413E21C2E95 /* Pods-BellmanTask.debug.xcconfig */;
			buildSettings = {
				ASSETCATALOG_COMPILER_APPICON_NAME = AppIcon;
				ASSETCATALOG_COMPILER_GLOBAL_ACCENT_COLOR_NAME = AccentColor;
				CODE_SIGN_STYLE = Automatic;
				INFOPLIST_FILE = BellmanTask/Info.plist;
				IPHONEOS_DEPLOYMENT_TARGET = 12.1;
				LD_RUNPATH_SEARCH_PATHS = (
					"$(inherited)",
					"@executable_path/Frameworks",
				);
				PRODUCT_BUNDLE_IDENTIFIER = ammar.BellmanTask;
				PRODUCT_NAME = "$(TARGET_NAME)";
				SWIFT_VERSION = 5.0;
				TARGETED_DEVICE_FAMILY = 1;
			};
			name = Debug;
		};
		A0E0ED142606180A00AB2066 /* Release */ = {
			isa = XCBuildConfiguration;
			baseConfigurationReference = 48D25A8A650F6929BE9218BA /* Pods-BellmanTask.release.xcconfig */;
			buildSettings = {
				ASSETCATALOG_COMPILER_APPICON_NAME = AppIcon;
				ASSETCATALOG_COMPILER_GLOBAL_ACCENT_COLOR_NAME = AccentColor;
				CODE_SIGN_STYLE = Automatic;
				INFOPLIST_FILE = BellmanTask/Info.plist;
				IPHONEOS_DEPLOYMENT_TARGET = 12.1;
				LD_RUNPATH_SEARCH_PATHS = (
					"$(inherited)",
					"@executable_path/Frameworks",
				);
				PRODUCT_BUNDLE_IDENTIFIER = ammar.BellmanTask;
				PRODUCT_NAME = "$(TARGET_NAME)";
				SWIFT_VERSION = 5.0;
				TARGETED_DEVICE_FAMILY = 1;
			};
			name = Release;
		};
/* End XCBuildConfiguration section */

/* Begin XCConfigurationList section */
		A0E0ECF92606180800AB2066 /* Build configuration list for PBXProject "BellmanTask" */ = {
			isa = XCConfigurationList;
			buildConfigurations = (
				A0E0ED102606180A00AB2066 /* Debug */,
				A0E0ED112606180A00AB2066 /* Release */,
			);
			defaultConfigurationIsVisible = 0;
			defaultConfigurationName = Release;
		};
		A0E0ED122606180A00AB2066 /* Build configuration list for PBXNativeTarget "BellmanTask" */ = {
			isa = XCConfigurationList;
			buildConfigurations = (
				A0E0ED132606180A00AB2066 /* Debug */,
				A0E0ED142606180A00AB2066 /* Release */,
			);
			defaultConfigurationIsVisible = 0;
			defaultConfigurationName = Release;
		};
/* End XCConfigurationList section */
	};
	rootObject = A0E0ECF62606180800AB2066 /* Project object */;
}
